
Microsoft Visual Studio Solution File, Format Version 12.00
# Visual Studio Version 17
VisualStudioVersion = 17.10.35027.167
MinimumVisualStudioVersion = 10.0.40219.1
Project("{FAE04EC0-301F-11D3-BF4B-00C04F79EFBC}") = "oops_constructor1", "oops_constructor1\oops_constructor1.csproj", "{CBFC3E31-864A-4D8C-9510-E5369A12704F}"
EndProject
Global
	GlobalSection(SolutionConfigurationPlatforms) = preSolution
		Debug|Any CPU = Debug|Any CPU
		Release|Any CPU = Release|Any CPU
	EndGlobalSection
	GlobalSection(ProjectConfigurationPlatforms) = postSolution
		{CBFC3E31-864A-4D8C-9510-E5369A12704F}.Debug|Any CPU.ActiveCfg = Debug|Any CPU
		{CBFC3E31-864A-4D8C-9510-E5369A12704F}.Debug|Any CPU.Build.0 = Debug|Any CPU
		{CBFC3E31-864A-4D8C-9510-E5369A12704F}.Release|Any CPU.ActiveCfg = Release|Any CPU
		{CBFC3E31-864A-4D8C-9510-E5369A12704F}.Release|Any CPU.Build.0 = Release|Any CPU
	EndGlobalSection
	GlobalSection(SolutionProperties) = preSolution
		HideSolutionNode = FALSE
	EndGlobalSection
	GlobalSection(ExtensibilityGlobals) = postSolution
		SolutionGuid = {C2C7936A-EF9D-46BF-96BE-CCB966945825}
	EndGlobalSection
EndGlobal
