
Microsoft Visual Studio Solution File, Format Version 12.00
# Visual Studio 15
VisualStudioVersion = 15.0.35026.233
MinimumVisualStudioVersion = 10.0.40219.1
Project("{FAE04EC0-301F-11D3-BF4B-00C04F79EFBC}") = "WebApplication1", "WebApplication1\WebApplication1.csproj", "{16A55C82-A0DF-4D73-ADBB-C815E556533B}"
EndProject
Global
	GlobalSection(SolutionConfigurationPlatforms) = preSolution
		Debug|Any CPU = Debug|Any CPU
		Release|Any CPU = Release|Any CPU
	EndGlobalSection
	GlobalSection(ProjectConfigurationPlatforms) = postSolution
		{16A55C82-A0DF-4D73-ADBB-C815E556533B}.Debug|Any CPU.ActiveCfg = Debug|Any CPU
		{16A55C82-A0DF-4D73-ADBB-C815E556533B}.Debug|Any CPU.Build.0 = Debug|Any CPU
		{16A55C82-A0DF-4D73-ADBB-C815E556533B}.Release|Any CPU.ActiveCfg = Release|Any CPU
		{16A55C82-A0DF-4D73-ADBB-C815E556533B}.Release|Any CPU.Build.0 = Release|Any CPU
	EndGlobalSection
	GlobalSection(SolutionProperties) = preSolution
		HideSolutionNode = FALSE
	EndGlobalSection
	GlobalSection(ExtensibilityGlobals) = postSolution
		SolutionGuid = {12C05E86-5048-480D-B972-3AE876AC2E6B}
	EndGlobalSection
EndGlobal
