
Microsoft Visual Studio Solution File, Format Version 12.00
# Visual Studio Version 17
VisualStudioVersion = 17.10.35027.167
MinimumVisualStudioVersion = 10.0.40219.1
Project("{FAE04EC0-301F-11D3-BF4B-00C04F79EFBC}") = "for_each", "for_each\for_each.csproj", "{DA20E9F1-A65F-4014-871F-5DE2F90DF978}"
EndProject
Global
	GlobalSection(SolutionConfigurationPlatforms) = preSolution
		Debug|Any CPU = Debug|Any CPU
		Release|Any CPU = Release|Any CPU
	EndGlobalSection
	GlobalSection(ProjectConfigurationPlatforms) = postSolution
		{DA20E9F1-A65F-4014-871F-5DE2F90DF978}.Debug|Any CPU.ActiveCfg = Debug|Any CPU
		{DA20E9F1-A65F-4014-871F-5DE2F90DF978}.Debug|Any CPU.Build.0 = Debug|Any CPU
		{DA20E9F1-A65F-4014-871F-5DE2F90DF978}.Release|Any CPU.ActiveCfg = Release|Any CPU
		{DA20E9F1-A65F-4014-871F-5DE2F90DF978}.Release|Any CPU.Build.0 = Release|Any CPU
	EndGlobalSection
	GlobalSection(SolutionProperties) = preSolution
		HideSolutionNode = FALSE
	EndGlobalSection
	GlobalSection(ExtensibilityGlobals) = postSolution
		SolutionGuid = {CDDE7A87-FA02-46D7-8ABA-0BCA65B79FDB}
	EndGlobalSection
EndGlobal
