
Microsoft Visual Studio Solution File, Format Version 12.00
# Visual Studio Version 17
VisualStudioVersion = 17.10.35027.167
MinimumVisualStudioVersion = 10.0.40219.1
Project("{FAE04EC0-301F-11D3-BF4B-00C04F79EFBC}") = "multiplication", "multiplication\multiplication.csproj", "{350DBDE5-31D6-4568-865C-AD9AD9C54315}"
EndProject
Global
	GlobalSection(SolutionConfigurationPlatforms) = preSolution
		Debug|Any CPU = Debug|Any CPU
		Release|Any CPU = Release|Any CPU
	EndGlobalSection
	GlobalSection(ProjectConfigurationPlatforms) = postSolution
		{350DBDE5-31D6-4568-865C-AD9AD9C54315}.Debug|Any CPU.ActiveCfg = Debug|Any CPU
		{350DBDE5-31D6-4568-865C-AD9AD9C54315}.Debug|Any CPU.Build.0 = Debug|Any CPU
		{350DBDE5-31D6-4568-865C-AD9AD9C54315}.Release|Any CPU.ActiveCfg = Release|Any CPU
		{350DBDE5-31D6-4568-865C-AD9AD9C54315}.Release|Any CPU.Build.0 = Release|Any CPU
	EndGlobalSection
	GlobalSection(SolutionProperties) = preSolution
		HideSolutionNode = FALSE
	EndGlobalSection
	GlobalSection(ExtensibilityGlobals) = postSolution
		SolutionGuid = {15D1C504-2C94-4660-8436-A779EAE22475}
	EndGlobalSection
EndGlobal
